
Microsoft Visual Studio Solution File, Format Version 12.00
# Visual Studio 15
VisualStudioVersion = 15.0.27428.2015
MinimumVisualStudioVersion = 10.0.40219.1
Project("{9A19103F-16F7-4668-BE54-9A1E7A4F7556}") = "MistrzowieWynajmu", "MistrzowieWynajmu1\MistrzowieWynajmu.csproj", "{446E9E91-1000-4B8A-9C03-B239CC6AEFD5}"
EndProject
Global
	GlobalSection(SolutionConfigurationPlatforms) = preSolution
		Debug|Any CPU = Debug|Any CPU
		Release|Any CPU = Release|Any CPU
	EndGlobalSection
	GlobalSection(ProjectConfigurationPlatforms) = postSolution
		{446E9E91-1000-4B8A-9C03-B239CC6AEFD5}.Debug|Any CPU.ActiveCfg = Debug|Any CPU
		{446E9E91-1000-4B8A-9C03-B239CC6AEFD5}.Debug|Any CPU.Build.0 = Debug|Any CPU
		{446E9E91-1000-4B8A-9C03-B239CC6AEFD5}.Release|Any CPU.ActiveCfg = Release|Any CPU
		{446E9E91-1000-4B8A-9C03-B239CC6AEFD5}.Release|Any CPU.Build.0 = Release|Any CPU
	EndGlobalSection
	GlobalSection(SolutionProperties) = preSolution
		HideSolutionNode = FALSE
	EndGlobalSection
	GlobalSection(ExtensibilityGlobals) = postSolution
		SolutionGuid = {18427F7E-A745-45F8-889E-C8C87E066366}
	EndGlobalSection
EndGlobal
