
Microsoft Visual Studio Solution File, Format Version 12.00
# Visual Studio 15
VisualStudioVersion = 15.0.27428.2015
MinimumVisualStudioVersion = 10.0.40219.1
Project("{FAE04EC0-301F-11D3-BF4B-00C04F79EFBC}") = "MistrzowieWynajmu", "WebApplication1\MistrzowieWynajmu.csproj", "{9F10AD37-2B90-4C81-8E31-CAD172BC13AA}"
EndProject
Global
	GlobalSection(SolutionConfigurationPlatforms) = preSolution
		Debug|Any CPU = Debug|Any CPU
		Release|Any CPU = Release|Any CPU
	EndGlobalSection
	GlobalSection(ProjectConfigurationPlatforms) = postSolution
		{9F10AD37-2B90-4C81-8E31-CAD172BC13AA}.Debug|Any CPU.ActiveCfg = Debug|Any CPU
		{9F10AD37-2B90-4C81-8E31-CAD172BC13AA}.Debug|Any CPU.Build.0 = Debug|Any CPU
		{9F10AD37-2B90-4C81-8E31-CAD172BC13AA}.Release|Any CPU.ActiveCfg = Release|Any CPU
		{9F10AD37-2B90-4C81-8E31-CAD172BC13AA}.Release|Any CPU.Build.0 = Release|Any CPU
	EndGlobalSection
	GlobalSection(SolutionProperties) = preSolution
		HideSolutionNode = FALSE
	EndGlobalSection
	GlobalSection(ExtensibilityGlobals) = postSolution
		SolutionGuid = {E09A926D-54FE-44A3-BA3E-37861E5092BD}
	EndGlobalSection
EndGlobal
